{
  "name": "clase_01",
  "version": "1.0.0",
  "lockfileVersion": 2,
  "requires": true,
  "packages": {
    "": {
      "name": "clase_01",
      "version": "1.0.0",
      "license": "ISC",
      "dependencies": {
        "moment": "^2.29.4",
        "momment": "^0.0.1"
      }
    },
    "node_modules/moment": {
      "version": "2.29.4",
      "resolved": "https://registry.npmjs.org/moment/-/moment-2.29.4.tgz",
      "integrity": "sha512-5LC9SOxjSc2HF6vO2CyuTDNivEdoz2IvyJJGj6X8DJ0eFyfszE0QiEd+iXmBvUP3WHxSjFH/vIsA0EN00cgr8w==",
      "engines": {
        "node": "*"
      }
    },
    "node_modules/momment": {
      "version": "0.0.1",
      "resolved": "https://registry.npmjs.org/momment/-/momment-0.0.1.tgz",
      "integrity": "sha512-AvXVohTAJGdvRX+audOcqcQLsezKf4hR+QJf4WY2+sHoW37sejk1hrr0qBffSkwgoSZAjkuQDOqC1FtKE7y8Kw=="
    }
  },
  "dependencies": {
    "moment": {
      "version": "2.29.4",
      "resolved": "https://registry.npmjs.org/moment/-/moment-2.29.4.tgz",
      "integrity": "sha512-5LC9SOxjSc2HF6vO2CyuTDNivEdoz2IvyJJGj6X8DJ0eFyfszE0QiEd+iXmBvUP3WHxSjFH/vIsA0EN00cgr8w=="
    },
    "momment": {
      "version": "0.0.1",
      "resolved": "https://registry.npmjs.org/momment/-/momment-0.0.1.tgz",
      "integrity": "sha512-AvXVohTAJGdvRX+audOcqcQLsezKf4hR+QJf4WY2+sHoW37sejk1hrr0qBffSkwgoSZAjkuQDOqC1FtKE7y8Kw=="
    }
  }
}
